# This file is autogenerated, do not edit; changes may be undone by the next 'dep ensure'.


[[projects]]
  name = "github.com/Financial-Times/kafka"
  packages = ["consumergroup"]
  revision = "50ba9d7955b4df3bf3235b3d8cfed0ce9afdfab0"
  version = "1.0.1-contexts-rc1"

[[projects]]
  name = "github.com/Shopify/sarama"
  packages = [
    ".",
    "mocks"
  ]
  revision = "c01858abb625b73a3af51d0798e4ad42c8147093"
  version = "v1.12.0"

[[projects]]
  name = "github.com/davecgh/go-spew"
  packages = ["spew"]
  revision = "a476722483882dd40b8111f0eb64e1d7f43f56e4"

[[projects]]
  name = "github.com/eapache/go-resiliency"
  packages = ["breaker"]
  revision = "b1fe83b5b03f624450823b751b662259ffc6af70"

[[projects]]
  branch = "master"
  name = "github.com/eapache/go-xerial-snappy"
  packages = ["."]
  revision = "bb955e01b9346ac19dc29eb16586c90ded99a98c"

[[projects]]
  name = "github.com/eapache/queue"
  packages = ["."]
  revision = "44cc805cf13205b55f69e14bcb69867d1ae92f98"
  version = "v1.1.0"

[[projects]]
  branch = "master"
  name = "github.com/golang/snappy"
  packages = ["."]
  revision = "553a641470496b2327abcac10b36396bd98e45c9"

[[projects]]
  name = "github.com/pierrec/lz4"
  packages = ["."]
  revision = "08c27939df1bd95e881e2c2367a749964ad1fceb"
  version = "v1.0.1"

[[projects]]
  branch = "master"
  name = "github.com/pierrec/xxHash"
  packages = ["xxHash32"]
  revision = "a0006b13c722f7f12368c00a3d3c2ae8a999a0c6"

[[projects]]
  name = "github.com/pkg/errors"
  packages = ["."]
  revision = "645ef00459ed84a119197bfb8d8205042c6df63d"
  version = "v0.8.0"

[[projects]]
  name = "github.com/pmezard/go-difflib"
  packages = ["difflib"]
  revision = "792786c7400a136282c1664665ae0a8db921c6c2"
  version = "v1.0.0"

[[projects]]
  name = "github.com/rcrowley/go-metrics"
  packages = ["."]
  revision = "1f30fe9094a513ce4c700b9a54458bbb0c96996c"

[[projects]]
  name = "github.com/samuel/go-zookeeper"
  packages = ["zk"]
  revision = "e6b59f6144beb8570562539c1898a0b1fea34b41"

[[projects]]
  name = "github.com/sirupsen/logrus"
  packages = ["."]
  revision = "f006c2ac4710855cf0f916dd6b77acf6b048dc6e"
  version = "v1.0.3"

[[projects]]
  name = "github.com/stretchr/objx"
  packages = ["."]
  revision = "1a9d0bb9f541897e62256577b352fdbc1fb4fd94"

[[projects]]
  name = "github.com/stretchr/testify"
  packages = [
    "assert",
    "mock"
  ]
  revision = "69483b4bd14f5845b5a1e55bca19e954e827f1d0"
  version = "v1.1.4"

[[projects]]
  name = "github.com/wvanbergen/kazoo-go"
  packages = ["."]
  revision = "494a179ad10a1a52daa7536a82cc215bc728c399"

[[projects]]
  name = "golang.org/x/crypto"
  packages = ["ssh/terminal"]
  revision = "81e90905daefcd6fd217b62423c0908922eadb30"

[[projects]]
  name = "golang.org/x/sys"
  packages = [
    "unix",
    "windows"
  ]
  revision = "9aade4d3a3b7e6d876cd3823ad20ec45fc035402"

[solve-meta]
  analyzer-name = "dep"
  analyzer-version = 1
  inputs-digest = "715efd9ef4e5b5573f5742601448c5860fbdbc1ef52e654ccd8ac678b27e1943"
  solver-name = "gps-cdcl"
  solver-version = 1
